
Microsoft Visual Studio Solution File, Format Version 12.00
# Visual Studio Version 17
VisualStudioVersion = 17.5.33414.496
MinimumVisualStudioVersion = 10.0.40219.1
Project("{9A19103F-16F7-4668-BE54-9A1E7A4F7556}") = "SQLiteTest", "SQLiteTest\SQLiteTest.csproj", "{77026E9A-509D-4037-BBF9-49B7EF424B32}"
EndProject
Project("{9A19103F-16F7-4668-BE54-9A1E7A4F7556}") = "SQLiteCoreLibrary", "ClassLibrary1\SQLiteCoreLibrary.csproj", "{6D7C0626-77D8-466C-BC38-677C2F644A67}"
EndProject
Project("{FAE04EC0-301F-11D3-BF4B-00C04F79EFBC}") = "SQLitePlcLibrary", "SQLitePlcLibrary\SQLitePlcLibrary.csproj", "{381A873A-AFF4-424D-8E74-41896640D23D}"
EndProject
Global
	GlobalSection(SolutionConfigurationPlatforms) = preSolution
		Debug|Any CPU = Debug|Any CPU
		Release|Any CPU = Release|Any CPU
	EndGlobalSection
	GlobalSection(ProjectConfigurationPlatforms) = postSolution
		{77026E9A-509D-4037-BBF9-49B7EF424B32}.Debug|Any CPU.ActiveCfg = Debug|Any CPU
		{77026E9A-509D-4037-BBF9-49B7EF424B32}.Debug|Any CPU.Build.0 = Debug|Any CPU
		{77026E9A-509D-4037-BBF9-49B7EF424B32}.Release|Any CPU.ActiveCfg = Release|Any CPU
		{77026E9A-509D-4037-BBF9-49B7EF424B32}.Release|Any CPU.Build.0 = Release|Any CPU
		{6D7C0626-77D8-466C-BC38-677C2F644A67}.Debug|Any CPU.ActiveCfg = Debug|Any CPU
		{6D7C0626-77D8-466C-BC38-677C2F644A67}.Debug|Any CPU.Build.0 = Debug|Any CPU
		{6D7C0626-77D8-466C-BC38-677C2F644A67}.Release|Any CPU.ActiveCfg = Release|Any CPU
		{6D7C0626-77D8-466C-BC38-677C2F644A67}.Release|Any CPU.Build.0 = Release|Any CPU
		{381A873A-AFF4-424D-8E74-41896640D23D}.Debug|Any CPU.ActiveCfg = Debug|Any CPU
		{381A873A-AFF4-424D-8E74-41896640D23D}.Debug|Any CPU.Build.0 = Debug|Any CPU
		{381A873A-AFF4-424D-8E74-41896640D23D}.Release|Any CPU.ActiveCfg = Release|Any CPU
		{381A873A-AFF4-424D-8E74-41896640D23D}.Release|Any CPU.Build.0 = Release|Any CPU
	EndGlobalSection
	GlobalSection(SolutionProperties) = preSolution
		HideSolutionNode = FALSE
	EndGlobalSection
	GlobalSection(ExtensibilityGlobals) = postSolution
		SolutionGuid = {0CE3D220-7D05-4585-B16C-472C6E98582B}
	EndGlobalSection
EndGlobal
